
Microsoft Visual Studio Solution File, Format Version 12.00
# Visual Studio Version 17
VisualStudioVersion = 17.13.35931.197
MinimumVisualStudioVersion = 10.0.40219.1
Project("{FAE04EC0-301F-11D3-BF4B-00C04F79EFBC}") = "SourceCodeAnalyzer.UI", "SourceCodeAnalyzer.UI\SourceCodeAnalyzer.UI.csproj", "{5B0DCC51-D964-40AF-9E6C-0AEC6BFEB379}"
EndProject
Project("{FAE04EC0-301F-11D3-BF4B-00C04F79EFBC}") = "SourceCodeAnalyzer.Core", "SourceCodeAnalyzer.Core\SourceCodeAnalyzer.Core.csproj", "{0C7E3811-2874-412E-8C3E-58E63F9E6EA2}"
EndProject
Project("{FAE04EC0-301F-11D3-BF4B-00C04F79EFBC}") = "SourceCodeAnalyzer.Cli", "SourceCodeAnalyzer.Cli\SourceCodeAnalyzer.Cli.csproj", "{107226D7-5A56-9E15-0998-51D9DAC51F8B}"
EndProject
Global
	GlobalSection(SolutionConfigurationPlatforms) = preSolution
		Debug|Any CPU = Debug|Any CPU
		Release|Any CPU = Release|Any CPU
	EndGlobalSection
	GlobalSection(ProjectConfigurationPlatforms) = postSolution
		{5B0DCC51-D964-40AF-9E6C-0AEC6BFEB379}.Debug|Any CPU.ActiveCfg = Debug|Any CPU
		{5B0DCC51-D964-40AF-9E6C-0AEC6BFEB379}.Debug|Any CPU.Build.0 = Debug|Any CPU
		{5B0DCC51-D964-40AF-9E6C-0AEC6BFEB379}.Release|Any CPU.ActiveCfg = Release|Any CPU
		{5B0DCC51-D964-40AF-9E6C-0AEC6BFEB379}.Release|Any CPU.Build.0 = Release|Any CPU
		{0C7E3811-2874-412E-8C3E-58E63F9E6EA2}.Debug|Any CPU.ActiveCfg = Debug|Any CPU
		{0C7E3811-2874-412E-8C3E-58E63F9E6EA2}.Debug|Any CPU.Build.0 = Debug|Any CPU
		{0C7E3811-2874-412E-8C3E-58E63F9E6EA2}.Release|Any CPU.ActiveCfg = Release|Any CPU
		{0C7E3811-2874-412E-8C3E-58E63F9E6EA2}.Release|Any CPU.Build.0 = Release|Any CPU
		{107226D7-5A56-9E15-0998-51D9DAC51F8B}.Debug|Any CPU.ActiveCfg = Debug|Any CPU
		{107226D7-5A56-9E15-0998-51D9DAC51F8B}.Debug|Any CPU.Build.0 = Debug|Any CPU
		{107226D7-5A56-9E15-0998-51D9DAC51F8B}.Release|Any CPU.ActiveCfg = Release|Any CPU
		{107226D7-5A56-9E15-0998-51D9DAC51F8B}.Release|Any CPU.Build.0 = Release|Any CPU
	EndGlobalSection
	GlobalSection(SolutionProperties) = preSolution
		HideSolutionNode = FALSE
	EndGlobalSection
	GlobalSection(ExtensibilityGlobals) = postSolution
		SolutionGuid = {32B3A916-3166-458C-AECA-F1F819FF1479}
	EndGlobalSection
EndGlobal
